
Microsoft Visual Studio Solution File, Format Version 12.00
# Visual Studio 15
VisualStudioVersion = 15.0.27703.2026
MinimumVisualStudioVersion = 10.0.40219.1
Project("{FAE04EC0-301F-11D3-BF4B-00C04F79EFBC}") = "InTask", "InTask.csproj", "{3C382861-5585-4479-BC3C-CBF5E232C9B4}"
EndProject
Project("{FAE04EC0-301F-11D3-BF4B-00C04F79EFBC}") = "FileCheckerTest", "FileCheckerTest\FileCheckerTest.csproj", "{6C2FB3CB-CDBC-4FDA-AD4A-592E31CBD3A5}"
EndProject
Global
	GlobalSection(SolutionConfigurationPlatforms) = preSolution
		Debug|Any CPU = Debug|Any CPU
		Release|Any CPU = Release|Any CPU
	EndGlobalSection
	GlobalSection(ProjectConfigurationPlatforms) = postSolution
		{3C382861-5585-4479-BC3C-CBF5E232C9B4}.Debug|Any CPU.ActiveCfg = Debug|Any CPU
		{3C382861-5585-4479-BC3C-CBF5E232C9B4}.Debug|Any CPU.Build.0 = Debug|Any CPU
		{3C382861-5585-4479-BC3C-CBF5E232C9B4}.Release|Any CPU.ActiveCfg = Release|Any CPU
		{3C382861-5585-4479-BC3C-CBF5E232C9B4}.Release|Any CPU.Build.0 = Release|Any CPU
		{6C2FB3CB-CDBC-4FDA-AD4A-592E31CBD3A5}.Debug|Any CPU.ActiveCfg = Debug|Any CPU
		{6C2FB3CB-CDBC-4FDA-AD4A-592E31CBD3A5}.Debug|Any CPU.Build.0 = Debug|Any CPU
		{6C2FB3CB-CDBC-4FDA-AD4A-592E31CBD3A5}.Release|Any CPU.ActiveCfg = Release|Any CPU
		{6C2FB3CB-CDBC-4FDA-AD4A-592E31CBD3A5}.Release|Any CPU.Build.0 = Release|Any CPU
	EndGlobalSection
	GlobalSection(SolutionProperties) = preSolution
		HideSolutionNode = FALSE
	EndGlobalSection
	GlobalSection(ExtensibilityGlobals) = postSolution
		SolutionGuid = {30C2473B-728E-4A98-BA29-FAD24246EED5}
	EndGlobalSection
EndGlobal
